// !$*UTF8*$!
{
	archiveVersion = 1;
	classes = {
	};
	objectVersion = 46;
	objects = {

/* Begin PBXBuildFile section */
		232A8B301CAC6E690008E9D5 /* AppDelegate.swift in Sources */ = {isa = PBXBuildFile; fileRef = 232A8B2F1CAC6E690008E9D5 /* AppDelegate.swift */; };
		232A8B351CAC6E690008E9D5 /* Main.storyboard in Resources */ = {isa = PBXBuildFile; fileRef = 232A8B331CAC6E690008E9D5 /* Main.storyboard */; };
		232A8B381CAC6E690008E9D5 /* WeatherBuddy.xcdatamodeld in Sources */ = {isa = PBXBuildFile; fileRef = 232A8B361CAC6E690008E9D5 /* WeatherBuddy.xcdatamodeld */; };
		232A8B3A1CAC6E690008E9D5 /* Assets.xcassets in Resources */ = {isa = PBXBuildFile; fileRef = 232A8B391CAC6E690008E9D5 /* Assets.xcassets */; };
		232A8B3D1CAC6E690008E9D5 /* LaunchScreen.storyboard in Resources */ = {isa = PBXBuildFile; fileRef = 232A8B3B1CAC6E690008E9D5 /* LaunchScreen.storyboard */; };
		232A8B481CAC6E690008E9D5 /* WeatherBuddyTests.swift in Sources */ = {isa = PBXBuildFile; fileRef = 232A8B471CAC6E690008E9D5 /* WeatherBuddyTests.swift */; };
		232A8B531CAC6E690008E9D5 /* WeatherBuddyUITests.swift in Sources */ = {isa = PBXBuildFile; fileRef = 232A8B521CAC6E690008E9D5 /* WeatherBuddyUITests.swift */; };
		F121A6BF1CB18DC80022E964 /* Coordinates.swift in Sources */ = {isa = PBXBuildFile; fileRef = F121A6BE1CB18DC80022E964 /* Coordinates.swift */; };
		F121A6C11CB18E4C0022E964 /* Contact.swift in Sources */ = {isa = PBXBuildFile; fileRef = F121A6C01CB18E4C0022E964 /* Contact.swift */; };
		F121A6C41CB18EEB0022E964 /* OpenWeatherService.swift in Sources */ = {isa = PBXBuildFile; fileRef = F121A6C31CB18EEB0022E964 /* OpenWeatherService.swift */; };
		F121A6C61CB18F380022E964 /* GoogleMapsService.swift in Sources */ = {isa = PBXBuildFile; fileRef = F121A6C51CB18F380022E964 /* GoogleMapsService.swift */; };
		F121A6C81CB18F8C0022E964 /* Settings.swift in Sources */ = {isa = PBXBuildFile; fileRef = F121A6C71CB18F8C0022E964 /* Settings.swift */; };
		F121A6CA1CB18FF30022E964 /* Theme.swift in Sources */ = {isa = PBXBuildFile; fileRef = F121A6C91CB18FF30022E964 /* Theme.swift */; };
		F13F20281CAC71CB00FC87AD /* City.swift in Sources */ = {isa = PBXBuildFile; fileRef = F13F20271CAC71CB00FC87AD /* City.swift */; };
/* End PBXBuildFile section */

/* Begin PBXContainerItemProxy section */
		232A8B441CAC6E690008E9D5 /* PBXContainerItemProxy */ = {
			isa = PBXContainerItemProxy;
			containerPortal = 232A8B241CAC6E680008E9D5 /* Project object */;
			proxyType = 1;
			remoteGlobalIDString = 232A8B2B1CAC6E680008E9D5;
			remoteInfo = WeatherBuddy;
		};
		232A8B4F1CAC6E690008E9D5 /* PBXContainerItemProxy */ = {
			isa = PBXContainerItemProxy;
			containerPortal = 232A8B241CAC6E680008E9D5 /* Project object */;
			proxyType = 1;
			remoteGlobalIDString = 232A8B2B1CAC6E680008E9D5;
			remoteInfo = WeatherBuddy;
		};
/* End PBXContainerItemProxy section */

/* Begin PBXFileReference section */
		232A8B2C1CAC6E690008E9D5 /* WeatherBuddy.app */ = {isa = PBXFileReference; explicitFileType = wrapper.application; includeInIndex = 0; path = WeatherBuddy.app; sourceTree = BUILT_PRODUCTS_DIR; };
		232A8B2F1CAC6E690008E9D5 /* AppDelegate.swift */ = {isa = PBXFileReference; lastKnownFileType = sourcecode.swift; path = AppDelegate.swift; sourceTree = "<group>"; };
		232A8B341CAC6E690008E9D5 /* Base */ = {isa = PBXFileReference; lastKnownFileType = file.storyboard; name = Base; path = Base.lproj/Main.storyboard; sourceTree = "<group>"; };
		232A8B371CAC6E690008E9D5 /* WeatherBuddy.xcdatamodel */ = {isa = PBXFileReference; lastKnownFileType = wrapper.xcdatamodel; path = WeatherBuddy.xcdatamodel; sourceTree = "<group>"; };
		232A8B391CAC6E690008E9D5 /* Assets.xcassets */ = {isa = PBXFileReference; lastKnownFileType = folder.assetcatalog; path = Assets.xcassets; sourceTree = "<group>"; };
		232A8B3C1CAC6E690008E9D5 /* Base */ = {isa = PBXFileReference; lastKnownFileType = file.storyboard; name = Base; path = Base.lproj/LaunchScreen.storyboard; sourceTree = "<group>"; };
		232A8B3E1CAC6E690008E9D5 /* Info.plist */ = {isa = PBXFileReference; lastKnownFileType = text.plist.xml; path = Info.plist; sourceTree = "<group>"; };
		232A8B431CAC6E690008E9D5 /* WeatherBuddyTests.xctest */ = {isa = PBXFileReference; explicitFileType = wrapper.cfbundle; includeInIndex = 0; path = WeatherBuddyTests.xctest; sourceTree = BUILT_PRODUCTS_DIR; };
		232A8B471CAC6E690008E9D5 /* WeatherBuddyTests.swift */ = {isa = PBXFileReference; lastKnownFileType = sourcecode.swift; path = WeatherBuddyTests.swift; sourceTree = "<group>"; };
		232A8B491CAC6E690008E9D5 /* Info.plist */ = {isa = PBXFileReference; lastKnownFileType = text.plist.xml; path = Info.plist; sourceTree = "<group>"; };
		232A8B4E1CAC6E690008E9D5 /* WeatherBuddyUITests.xctest */ = {isa = PBXFileReference; explicitFileType = wrapper.cfbundle; includeInIndex = 0; path = WeatherBuddyUITests.xctest; sourceTree = BUILT_PRODUCTS_DIR; };
		232A8B521CAC6E690008E9D5 /* WeatherBuddyUITests.swift */ = {isa = PBXFileReference; lastKnownFileType = sourcecode.swift; path = WeatherBuddyUITests.swift; sourceTree = "<group>"; };
		232A8B541CAC6E690008E9D5 /* Info.plist */ = {isa = PBXFileReference; lastKnownFileType = text.plist.xml; path = Info.plist; sourceTree = "<group>"; };
		F121A6BE1CB18DC80022E964 /* Coordinates.swift */ = {isa = PBXFileReference; fileEncoding = 4; lastKnownFileType = sourcecode.swift; path = Coordinates.swift; sourceTree = "<group>"; };
		F121A6C01CB18E4C0022E964 /* Contact.swift */ = {isa = PBXFileReference; fileEncoding = 4; lastKnownFileType = sourcecode.swift; path = Contact.swift; sourceTree = "<group>"; };
		F121A6C31CB18EEB0022E964 /* OpenWeatherService.swift */ = {isa = PBXFileReference; fileEncoding = 4; lastKnownFileType = sourcecode.swift; path = OpenWeatherService.swift; sourceTree = "<group>"; };
		F121A6C51CB18F380022E964 /* GoogleMapsService.swift */ = {isa = PBXFileReference; fileEncoding = 4; lastKnownFileType = sourcecode.swift; path = GoogleMapsService.swift; sourceTree = "<group>"; };
		F121A6C71CB18F8C0022E964 /* Settings.swift */ = {isa = PBXFileReference; fileEncoding = 4; lastKnownFileType = sourcecode.swift; path = Settings.swift; sourceTree = "<group>"; };
		F121A6C91CB18FF30022E964 /* Theme.swift */ = {isa = PBXFileReference; fileEncoding = 4; lastKnownFileType = sourcecode.swift; path = Theme.swift; sourceTree = "<group>"; };
		F13F20271CAC71CB00FC87AD /* City.swift */ = {isa = PBXFileReference; fileEncoding = 4; lastKnownFileType = sourcecode.swift; path = City.swift; sourceTree = "<group>"; };
/* End PBXFileReference section */

/* Begin PBXFrameworksBuildPhase section */
		232A8B291CAC6E680008E9D5 /* Frameworks */ = {
			isa = PBXFrameworksBuildPhase;
			buildActionMask = 2147483647;
			files = (
			);
			runOnlyForDeploymentPostprocessing = 0;
		};
		232A8B401CAC6E690008E9D5 /* Frameworks */ = {
			isa = PBXFrameworksBuildPhase;
			buildActionMask = 2147483647;
			files = (
			);
			runOnlyForDeploymentPostprocessing = 0;
		};
		232A8B4B1CAC6E690008E9D5 /* Frameworks */ = {
			isa = PBXFrameworksBuildPhase;
			buildActionMask = 2147483647;
			files = (
			);
			runOnlyForDeploymentPostprocessing = 0;
		};
/* End PBXFrameworksBuildPhase section */

/* Begin PBXGroup section */
		232A8B231CAC6E680008E9D5 = {
			isa = PBXGroup;
			children = (
				F121A6C21CB18E920022E964 /* Model */,
				232A8B2E1CAC6E690008E9D5 /* WeatherBuddy */,
				232A8B461CAC6E690008E9D5 /* WeatherBuddyTests */,
				232A8B511CAC6E690008E9D5 /* WeatherBuddyUITests */,
				232A8B2D1CAC6E690008E9D5 /* Products */,
			);
			sourceTree = "<group>";
		};
		232A8B2D1CAC6E690008E9D5 /* Products */ = {
			isa = PBXGroup;
			children = (
				232A8B2C1CAC6E690008E9D5 /* WeatherBuddy.app */,
				232A8B431CAC6E690008E9D5 /* WeatherBuddyTests.xctest */,
				232A8B4E1CAC6E690008E9D5 /* WeatherBuddyUITests.xctest */,
			);
			name = Products;
			sourceTree = "<group>";
		};
		232A8B2E1CAC6E690008E9D5 /* WeatherBuddy */ = {
			isa = PBXGroup;
			children = (
				232A8B2F1CAC6E690008E9D5 /* AppDelegate.swift */,
				232A8B331CAC6E690008E9D5 /* Main.storyboard */,
				232A8B391CAC6E690008E9D5 /* Assets.xcassets */,
				232A8B3B1CAC6E690008E9D5 /* LaunchScreen.storyboard */,
				232A8B3E1CAC6E690008E9D5 /* Info.plist */,
				232A8B361CAC6E690008E9D5 /* WeatherBuddy.xcdatamodeld */,
			);
			path = WeatherBuddy;
			sourceTree = "<group>";
		};
		232A8B461CAC6E690008E9D5 /* WeatherBuddyTests */ = {
			isa = PBXGroup;
			children = (
				232A8B471CAC6E690008E9D5 /* WeatherBuddyTests.swift */,
				232A8B491CAC6E690008E9D5 /* Info.plist */,
			);
			path = WeatherBuddyTests;
			sourceTree = "<group>";
		};
		232A8B511CAC6E690008E9D5 /* WeatherBuddyUITests */ = {
			isa = PBXGroup;
			children = (
				232A8B521CAC6E690008E9D5 /* WeatherBuddyUITests.swift */,
				232A8B541CAC6E690008E9D5 /* Info.plist */,
			);
			path = WeatherBuddyUITests;
			sourceTree = "<group>";
		};
		F121A6C21CB18E920022E964 /* Model */ = {
			isa = PBXGroup;
			children = (
				F13F20271CAC71CB00FC87AD /* City.swift */,
				F121A6C01CB18E4C0022E964 /* Contact.swift */,
				F121A6BE1CB18DC80022E964 /* Coordinates.swift */,
				F121A6C31CB18EEB0022E964 /* OpenWeatherService.swift */,
				F121A6C51CB18F380022E964 /* GoogleMapsService.swift */,
				F121A6C71CB18F8C0022E964 /* Settings.swift */,
				F121A6C91CB18FF30022E964 /* Theme.swift */,
			);
			name = Model;
			sourceTree = "<group>";
		};
/* End PBXGroup section */

/* Begin PBXNativeTarget section */
		232A8B2B1CAC6E680008E9D5 /* WeatherBuddy */ = {
			isa = PBXNativeTarget;
			buildConfigurationList = 232A8B571CAC6E690008E9D5 /* Build configuration list for PBXNativeTarget "WeatherBuddy" */;
			buildPhases = (
				232A8B281CAC6E680008E9D5 /* Sources */,
				232A8B291CAC6E680008E9D5 /* Frameworks */,
				232A8B2A1CAC6E680008E9D5 /* Resources */,
			);
			buildRules = (
			);
			dependencies = (
			);
			name = WeatherBuddy;
			productName = WeatherBuddy;
			productReference = 232A8B2C1CAC6E690008E9D5 /* WeatherBuddy.app */;
			productType = "com.apple.product-type.application";
		};
		232A8B421CAC6E690008E9D5 /* WeatherBuddyTests */ = {
			isa = PBXNativeTarget;
			buildConfigurationList = 232A8B5A1CAC6E690008E9D5 /* Build configuration list for PBXNativeTarget "WeatherBuddyTests" */;
			buildPhases = (
				232A8B3F1CAC6E690008E9D5 /* Sources */,
				232A8B401CAC6E690008E9D5 /* Frameworks */,
				232A8B411CAC6E690008E9D5 /* Resources */,
			);
			buildRules = (
			);
			dependencies = (
				232A8B451CAC6E690008E9D5 /* PBXTargetDependency */,
			);
			name = WeatherBuddyTests;
			productName = WeatherBuddyTests;
			productReference = 232A8B431CAC6E690008E9D5 /* WeatherBuddyTests.xctest */;
			productType = "com.apple.product-type.bundle.unit-test";
		};
		232A8B4D1CAC6E690008E9D5 /* WeatherBuddyUITests */ = {
			isa = PBXNativeTarget;
			buildConfigurationList = 232A8B5D1CAC6E690008E9D5 /* Build configuration list for PBXNativeTarget "WeatherBuddyUITests" */;
			buildPhases = (
				232A8B4A1CAC6E690008E9D5 /* Sources */,
				232A8B4B1CAC6E690008E9D5 /* Frameworks */,
				232A8B4C1CAC6E690008E9D5 /* Resources */,
			);
			buildRules = (
			);
			dependencies = (
				232A8B501CAC6E690008E9D5 /* PBXTargetDependency */,
			);
			name = WeatherBuddyUITests;
			productName = WeatherBuddyUITests;
			productReference = 232A8B4E1CAC6E690008E9D5 /* WeatherBuddyUITests.xctest */;
			productType = "com.apple.product-type.bundle.ui-testing";
		};
/* End PBXNativeTarget section */

/* Begin PBXProject section */
		232A8B241CAC6E680008E9D5 /* Project object */ = {
			isa = PBXProject;
			attributes = {
				LastSwiftUpdateCheck = 0720;
				LastUpgradeCheck = 0720;
				ORGANIZATIONNAME = "Katie Kuenster";
				TargetAttributes = {
					232A8B2B1CAC6E680008E9D5 = {
						CreatedOnToolsVersion = 7.2.1;
					};
					232A8B421CAC6E690008E9D5 = {
						CreatedOnToolsVersion = 7.2.1;
						TestTargetID = 232A8B2B1CAC6E680008E9D5;
					};
					232A8B4D1CAC6E690008E9D5 = {
						CreatedOnToolsVersion = 7.2.1;
						TestTargetID = 232A8B2B1CAC6E680008E9D5;
					};
				};
			};
			buildConfigurationList = 232A8B271CAC6E680008E9D5 /* Build configuration list for PBXProject "WeatherBuddy" */;
			compatibilityVersion = "Xcode 3.2";
			developmentRegion = English;
			hasScannedForEncodings = 0;
			knownRegions = (
				en,
				Base,
			);
			mainGroup = 232A8B231CAC6E680008E9D5;
			productRefGroup = 232A8B2D1CAC6E690008E9D5 /* Products */;
			projectDirPath = "";
			projectRoot = "";
			targets = (
				232A8B2B1CAC6E680008E9D5 /* WeatherBuddy */,
				232A8B421CAC6E690008E9D5 /* WeatherBuddyTests */,
				232A8B4D1CAC6E690008E9D5 /* WeatherBuddyUITests */,
			);
		};
/* End PBXProject section */

/* Begin PBXResourcesBuildPhase section */
		232A8B2A1CAC6E680008E9D5 /* Resources */ = {
			isa = PBXResourcesBuildPhase;
			buildActionMask = 2147483647;
			files = (
				232A8B3D1CAC6E690008E9D5 /* LaunchScreen.storyboard in Resources */,
				232A8B3A1CAC6E690008E9D5 /* Assets.xcassets in Resources */,
				232A8B351CAC6E690008E9D5 /* Main.storyboard in Resources */,
			);
			runOnlyForDeploymentPostprocessing = 0;
		};
		232A8B411CAC6E690008E9D5 /* Resources */ = {
			isa = PBXResourcesBuildPhase;
			buildActionMask = 2147483647;
			files = (
			);
			runOnlyForDeploymentPostprocessing = 0;
		};
		232A8B4C1CAC6E690008E9D5 /* Resources */ = {
			isa = PBXResourcesBuildPhase;
			buildActionMask = 2147483647;
			files = (
			);
			runOnlyForDeploymentPostprocessing = 0;
		};
/* End PBXResourcesBuildPhase section */

/* Begin PBXSourcesBuildPhase section */
		232A8B281CAC6E680008E9D5 /* Sources */ = {
			isa = PBXSourcesBuildPhase;
			buildActionMask = 2147483647;
			files = (
				F121A6CA1CB18FF30022E964 /* Theme.swift in Sources */,
				232A8B381CAC6E690008E9D5 /* WeatherBuddy.xcdatamodeld in Sources */,
				232A8B301CAC6E690008E9D5 /* AppDelegate.swift in Sources */,
				F121A6C81CB18F8C0022E964 /* Settings.swift in Sources */,
				F121A6C41CB18EEB0022E964 /* OpenWeatherService.swift in Sources */,
				F121A6C11CB18E4C0022E964 /* Contact.swift in Sources */,
				F13F20281CAC71CB00FC87AD /* City.swift in Sources */,
				F121A6C61CB18F380022E964 /* GoogleMapsService.swift in Sources */,
				F121A6BF1CB18DC80022E964 /* Coordinates.swift in Sources */,
			);
			runOnlyForDeploymentPostprocessing = 0;
		};
		232A8B3F1CAC6E690008E9D5 /* Sources */ = {
			isa = PBXSourcesBuildPhase;
			buildActionMask = 2147483647;
			files = (
				232A8B481CAC6E690008E9D5 /* WeatherBuddyTests.swift in Sources */,
			);
			runOnlyForDeploymentPostprocessing = 0;
		};
		232A8B4A1CAC6E690008E9D5 /* Sources */ = {
			isa = PBXSourcesBuildPhase;
			buildActionMask = 2147483647;
			files = (
				232A8B531CAC6E690008E9D5 /* WeatherBuddyUITests.swift in Sources */,
			);
			runOnlyForDeploymentPostprocessing = 0;
		};
/* End PBXSourcesBuildPhase section */

/* Begin PBXTargetDependency section */
		232A8B451CAC6E690008E9D5 /* PBXTargetDependency */ = {
			isa = PBXTargetDependency;
			target = 232A8B2B1CAC6E680008E9D5 /* WeatherBuddy */;
			targetProxy = 232A8B441CAC6E690008E9D5 /* PBXContainerItemProxy */;
		};
		232A8B501CAC6E690008E9D5 /* PBXTargetDependency */ = {
			isa = PBXTargetDependency;
			target = 232A8B2B1CAC6E680008E9D5 /* WeatherBuddy */;
			targetProxy = 232A8B4F1CAC6E690008E9D5 /* PBXContainerItemProxy */;
		};
/* End PBXTargetDependency section */

/* Begin PBXVariantGroup section */
		232A8B331CAC6E690008E9D5 /* Main.storyboard */ = {
			isa = PBXVariantGroup;
			children = (
				232A8B341CAC6E690008E9D5 /* Base */,
			);
			name = Main.storyboard;
			sourceTree = "<group>";
		};
		232A8B3B1CAC6E690008E9D5 /* LaunchScreen.storyboard */ = {
			isa = PBXVariantGroup;
			children = (
				232A8B3C1CAC6E690008E9D5 /* Base */,
			);
			name = LaunchScreen.storyboard;
			sourceTree = "<group>";
		};
/* End PBXVariantGroup section */

/* Begin XCBuildConfiguration section */
		232A8B551CAC6E690008E9D5 /* Debug */ = {
			isa = XCBuildConfiguration;
			buildSettings = {
				ALWAYS_SEARCH_USER_PATHS = NO;
				CLANG_CXX_LANGUAGE_STANDARD = "gnu++0x";
				CLANG_CXX_LIBRARY = "libc++";
				CLANG_ENABLE_MODULES = YES;
				CLANG_ENABLE_OBJC_ARC = YES;
				CLANG_WARN_BOOL_CONVERSION = YES;
				CLANG_WARN_CONSTANT_CONVERSION = YES;
				CLANG_WARN_DIRECT_OBJC_ISA_USAGE = YES_ERROR;
				CLANG_WARN_EMPTY_BODY = YES;
				CLANG_WARN_ENUM_CONVERSION = YES;
				CLANG_WARN_INT_CONVERSION = YES;
				CLANG_WARN_OBJC_ROOT_CLASS = YES_ERROR;
				CLANG_WARN_UNREACHABLE_CODE = YES;
				CLANG_WARN__DUPLICATE_METHOD_MATCH = YES;
				"CODE_SIGN_IDENTITY[sdk=iphoneos*]" = "iPhone Developer";
				COPY_PHASE_STRIP = NO;
				DEBUG_INFORMATION_FORMAT = dwarf;
				ENABLE_STRICT_OBJC_MSGSEND = YES;
				ENABLE_TESTABILITY = YES;
				GCC_C_LANGUAGE_STANDARD = gnu99;
				GCC_DYNAMIC_NO_PIC = NO;
				GCC_NO_COMMON_BLOCKS = YES;
				GCC_OPTIMIZATION_LEVEL = 0;
				GCC_PREPROCESSOR_DEFINITIONS = (
					"DEBUG=1",
					"$(inherited)",
				);
				GCC_WARN_64_TO_32_BIT_CONVERSION = YES;
				GCC_WARN_ABOUT_RETURN_TYPE = YES_ERROR;
				GCC_WARN_UNDECLARED_SELECTOR = YES;
				GCC_WARN_UNINITIALIZED_AUTOS = YES_AGGRESSIVE;
				GCC_WARN_UNUSED_FUNCTION = YES;
				GCC_WARN_UNUSED_VARIABLE = YES;
				IPHONEOS_DEPLOYMENT_TARGET = 9.2;
				MTL_ENABLE_DEBUG_INFO = YES;
				ONLY_ACTIVE_ARCH = YES;
				SDKROOT = iphoneos;
				SWIFT_OPTIMIZATION_LEVEL = "-Onone";
				TARGETED_DEVICE_FAMILY = "1,2";
			};
			name = Debug;
		};
		232A8B561CAC6E690008E9D5 /* Release */ = {
			isa = XCBuildConfiguration;
			buildSettings = {
				ALWAYS_SEARCH_USER_PATHS = NO;
				CLANG_CXX_LANGUAGE_STANDARD = "gnu++0x";
				CLANG_CXX_LIBRARY = "libc++";
				CLANG_ENABLE_MODULES = YES;
				CLANG_ENABLE_OBJC_ARC = YES;
				CLANG_WARN_BOOL_CONVERSION = YES;
				CLANG_WARN_CONSTANT_CONVERSION = YES;
				CLANG_WARN_DIRECT_OBJC_ISA_USAGE = YES_ERROR;
				CLANG_WARN_EMPTY_BODY = YES;
				CLANG_WARN_ENUM_CONVERSION = YES;
				CLANG_WARN_INT_CONVERSION = YES;
				CLANG_WARN_OBJC_ROOT_CLASS = YES_ERROR;
				CLANG_WARN_UNREACHABLE_CODE = YES;
				CLANG_WARN__DUPLICATE_METHOD_MATCH = YES;
				"CODE_SIGN_IDENTITY[sdk=iphoneos*]" = "iPhone Developer";
				COPY_PHASE_STRIP = NO;
				DEBUG_INFORMATION_FORMAT = "dwarf-with-dsym";
				ENABLE_NS_ASSERTIONS = NO;
				ENABLE_STRICT_OBJC_MSGSEND = YES;
				GCC_C_LANGUAGE_STANDARD = gnu99;
				GCC_NO_COMMON_BLOCKS = YES;
				GCC_WARN_64_TO_32_BIT_CONVERSION = YES;
				GCC_WARN_ABOUT_RETURN_TYPE = YES_ERROR;
				GCC_WARN_UNDECLARED_SELECTOR = YES;
				GCC_WARN_UNINITIALIZED_AUTOS = YES_AGGRESSIVE;
				GCC_WARN_UNUSED_FUNCTION = YES;
				GCC_WARN_UNUSED_VARIABLE = YES;
				IPHONEOS_DEPLOYMENT_TARGET = 9.2;
				MTL_ENABLE_DEBUG_INFO = NO;
				SDKROOT = iphoneos;
				TARGETED_DEVICE_FAMILY = "1,2";
				VALIDATE_PRODUCT = YES;
			};
			name = Release;
		};
		232A8B581CAC6E690008E9D5 /* Debug */ = {
			isa = XCBuildConfiguration;
			buildSettings = {
				ASSETCATALOG_COMPILER_APPICON_NAME = AppIcon;
				INFOPLIST_FILE = WeatherBuddy/Info.plist;
				LD_RUNPATH_SEARCH_PATHS = "$(inherited) @executable_path/Frameworks";
				PRODUCT_BUNDLE_IDENTIFIER = edu.nd.WeatherBuddy;
				PRODUCT_NAME = "$(TARGET_NAME)";
			};
			name = Debug;
		};
		232A8B591CAC6E690008E9D5 /* Release */ = {
			isa = XCBuildConfiguration;
			buildSettings = {
				ASSETCATALOG_COMPILER_APPICON_NAME = AppIcon;
				INFOPLIST_FILE = WeatherBuddy/Info.plist;
				LD_RUNPATH_SEARCH_PATHS = "$(inherited) @executable_path/Frameworks";
				PRODUCT_BUNDLE_IDENTIFIER = edu.nd.WeatherBuddy;
				PRODUCT_NAME = "$(TARGET_NAME)";
			};
			name = Release;
		};
		232A8B5B1CAC6E690008E9D5 /* Debug */ = {
			isa = XCBuildConfiguration;
			buildSettings = {
				BUNDLE_LOADER = "$(TEST_HOST)";
				INFOPLIST_FILE = WeatherBuddyTests/Info.plist;
				LD_RUNPATH_SEARCH_PATHS = "$(inherited) @executable_path/Frameworks @loader_path/Frameworks";
				PRODUCT_BUNDLE_IDENTIFIER = edu.nd.WeatherBuddyTests;
				PRODUCT_NAME = "$(TARGET_NAME)";
				TEST_HOST = "$(BUILT_PRODUCTS_DIR)/WeatherBuddy.app/WeatherBuddy";
			};
			name = Debug;
		};
		232A8B5C1CAC6E690008E9D5 /* Release */ = {
			isa = XCBuildConfiguration;
			buildSettings = {
				BUNDLE_LOADER = "$(TEST_HOST)";
				INFOPLIST_FILE = WeatherBuddyTests/Info.plist;
				LD_RUNPATH_SEARCH_PATHS = "$(inherited) @executable_path/Frameworks @loader_path/Frameworks";
				PRODUCT_BUNDLE_IDENTIFIER = edu.nd.WeatherBuddyTests;
				PRODUCT_NAME = "$(TARGET_NAME)";
				TEST_HOST = "$(BUILT_PRODUCTS_DIR)/WeatherBuddy.app/WeatherBuddy";
			};
			name = Release;
		};
		232A8B5E1CAC6E690008E9D5 /* Debug */ = {
			isa = XCBuildConfiguration;
			buildSettings = {
				INFOPLIST_FILE = WeatherBuddyUITests/Info.plist;
				LD_RUNPATH_SEARCH_PATHS = "$(inherited) @executable_path/Frameworks @loader_path/Frameworks";
				PRODUCT_BUNDLE_IDENTIFIER = edu.nd.WeatherBuddyUITests;
				PRODUCT_NAME = "$(TARGET_NAME)";
				TEST_TARGET_NAME = WeatherBuddy;
				USES_XCTRUNNER = YES;
			};
			name = Debug;
		};
		232A8B5F1CAC6E690008E9D5 /* Release */ = {
			isa = XCBuildConfiguration;
			buildSettings = {
				INFOPLIST_FILE = WeatherBuddyUITests/Info.plist;
				LD_RUNPATH_SEARCH_PATHS = "$(inherited) @executable_path/Frameworks @loader_path/Frameworks";
				PRODUCT_BUNDLE_IDENTIFIER = edu.nd.WeatherBuddyUITests;
				PRODUCT_NAME = "$(TARGET_NAME)";
				TEST_TARGET_NAME = WeatherBuddy;
				USES_XCTRUNNER = YES;
			};
			name = Release;
		};
/* End XCBuildConfiguration section */

/* Begin XCConfigurationList section */
		232A8B271CAC6E680008E9D5 /* Build configuration list for PBXProject "WeatherBuddy" */ = {
			isa = XCConfigurationList;
			buildConfigurations = (
				232A8B551CAC6E690008E9D5 /* Debug */,
				232A8B561CAC6E690008E9D5 /* Release */,
			);
			defaultConfigurationIsVisible = 0;
			defaultConfigurationName = Release;
		};
		232A8B571CAC6E690008E9D5 /* Build configuration list for PBXNativeTarget "WeatherBuddy" */ = {
			isa = XCConfigurationList;
			buildConfigurations = (
				232A8B581CAC6E690008E9D5 /* Debug */,
				232A8B591CAC6E690008E9D5 /* Release */,
			);
			defaultConfigurationIsVisible = 0;
			defaultConfigurationName = Release;
		};
		232A8B5A1CAC6E690008E9D5 /* Build configuration list for PBXNativeTarget "WeatherBuddyTests" */ = {
			isa = XCConfigurationList;
			buildConfigurations = (
				232A8B5B1CAC6E690008E9D5 /* Debug */,
				232A8B5C1CAC6E690008E9D5 /* Release */,
			);
			defaultConfigurationIsVisible = 0;
			defaultConfigurationName = Release;
		};
		232A8B5D1CAC6E690008E9D5 /* Build configuration list for PBXNativeTarget "WeatherBuddyUITests" */ = {
			isa = XCConfigurationList;
			buildConfigurations = (
				232A8B5E1CAC6E690008E9D5 /* Debug */,
				232A8B5F1CAC6E690008E9D5 /* Release */,
			);
			defaultConfigurationIsVisible = 0;
			defaultConfigurationName = Release;
		};
/* End XCConfigurationList section */

/* Begin XCVersionGroup section */
		232A8B361CAC6E690008E9D5 /* WeatherBuddy.xcdatamodeld */ = {
			isa = XCVersionGroup;
			children = (
				232A8B371CAC6E690008E9D5 /* WeatherBuddy.xcdatamodel */,
			);
			currentVersion = 232A8B371CAC6E690008E9D5 /* WeatherBuddy.xcdatamodel */;
			path = WeatherBuddy.xcdatamodeld;
			sourceTree = "<group>";
			versionGroupType = wrapper.xcdatamodel;
		};
/* End XCVersionGroup section */
	};
	rootObject = 232A8B241CAC6E680008E9D5 /* Project object */;
}
